
Microsoft Visual Studio Solution File, Format Version 12.00
# Visual Studio Version 17
VisualStudioVersion = 17.0.31903.59
MinimumVisualStudioVersion = 10.0.40219.1
Project("{FAE04EC0-301F-11D3-BF4B-00C04F79EFBC}") = "TaskTrack.API", "TaskTrack.API\TaskTrack.API.csproj", "{E61A130D-0502-4CA7-9739-4F6ED228F70C}"
EndProject
Project("{FAE04EC0-301F-11D3-BF4B-00C04F79EFBC}") = "TaskTrack.Repo", "TaskTrack.Repo\TaskTrack.Repo.csproj", "{43F2C8CD-3BBB-4039-905D-712DC0064E99}"
EndProject
Project("{FAE04EC0-301F-11D3-BF4B-00C04F79EFBC}") = "TaskTrack.Service", "TaskTrack.Service\TaskTrack.Service.csproj", "{541A7302-8ABF-4B98-9D6D-8DEFE945A272}"
EndProject
Global
	GlobalSection(SolutionConfigurationPlatforms) = preSolution
		Debug|Any CPU = Debug|Any CPU
		Debug|x64 = Debug|x64
		Debug|x86 = Debug|x86
		Release|Any CPU = Release|Any CPU
		Release|x64 = Release|x64
		Release|x86 = Release|x86
	EndGlobalSection
	GlobalSection(ProjectConfigurationPlatforms) = postSolution
		{E61A130D-0502-4CA7-9739-4F6ED228F70C}.Debug|Any CPU.ActiveCfg = Debug|Any CPU
		{E61A130D-0502-4CA7-9739-4F6ED228F70C}.Debug|Any CPU.Build.0 = Debug|Any CPU
		{E61A130D-0502-4CA7-9739-4F6ED228F70C}.Debug|x64.ActiveCfg = Debug|Any CPU
		{E61A130D-0502-4CA7-9739-4F6ED228F70C}.Debug|x64.Build.0 = Debug|Any CPU
		{E61A130D-0502-4CA7-9739-4F6ED228F70C}.Debug|x86.ActiveCfg = Debug|Any CPU
		{E61A130D-0502-4CA7-9739-4F6ED228F70C}.Debug|x86.Build.0 = Debug|Any CPU
		{E61A130D-0502-4CA7-9739-4F6ED228F70C}.Release|Any CPU.ActiveCfg = Release|Any CPU
		{E61A130D-0502-4CA7-9739-4F6ED228F70C}.Release|Any CPU.Build.0 = Release|Any CPU
		{E61A130D-0502-4CA7-9739-4F6ED228F70C}.Release|x64.ActiveCfg = Release|Any CPU
		{E61A130D-0502-4CA7-9739-4F6ED228F70C}.Release|x64.Build.0 = Release|Any CPU
		{E61A130D-0502-4CA7-9739-4F6ED228F70C}.Release|x86.ActiveCfg = Release|Any CPU
		{E61A130D-0502-4CA7-9739-4F6ED228F70C}.Release|x86.Build.0 = Release|Any CPU
		{43F2C8CD-3BBB-4039-905D-712DC0064E99}.Debug|Any CPU.ActiveCfg = Debug|Any CPU
		{43F2C8CD-3BBB-4039-905D-712DC0064E99}.Debug|Any CPU.Build.0 = Debug|Any CPU
		{43F2C8CD-3BBB-4039-905D-712DC0064E99}.Debug|x64.ActiveCfg = Debug|Any CPU
		{43F2C8CD-3BBB-4039-905D-712DC0064E99}.Debug|x64.Build.0 = Debug|Any CPU
		{43F2C8CD-3BBB-4039-905D-712DC0064E99}.Debug|x86.ActiveCfg = Debug|Any CPU
		{43F2C8CD-3BBB-4039-905D-712DC0064E99}.Debug|x86.Build.0 = Debug|Any CPU
		{43F2C8CD-3BBB-4039-905D-712DC0064E99}.Release|Any CPU.ActiveCfg = Release|Any CPU
		{43F2C8CD-3BBB-4039-905D-712DC0064E99}.Release|Any CPU.Build.0 = Release|Any CPU
		{43F2C8CD-3BBB-4039-905D-712DC0064E99}.Release|x64.ActiveCfg = Release|Any CPU
		{43F2C8CD-3BBB-4039-905D-712DC0064E99}.Release|x64.Build.0 = Release|Any CPU
		{43F2C8CD-3BBB-4039-905D-712DC0064E99}.Release|x86.ActiveCfg = Release|Any CPU
		{43F2C8CD-3BBB-4039-905D-712DC0064E99}.Release|x86.Build.0 = Release|Any CPU
		{541A7302-8ABF-4B98-9D6D-8DEFE945A272}.Debug|Any CPU.ActiveCfg = Debug|Any CPU
		{541A7302-8ABF-4B98-9D6D-8DEFE945A272}.Debug|Any CPU.Build.0 = Debug|Any CPU
		{541A7302-8ABF-4B98-9D6D-8DEFE945A272}.Debug|x64.ActiveCfg = Debug|Any CPU
		{541A7302-8ABF-4B98-9D6D-8DEFE945A272}.Debug|x64.Build.0 = Debug|Any CPU
		{541A7302-8ABF-4B98-9D6D-8DEFE945A272}.Debug|x86.ActiveCfg = Debug|Any CPU
		{541A7302-8ABF-4B98-9D6D-8DEFE945A272}.Debug|x86.Build.0 = Debug|Any CPU
		{541A7302-8ABF-4B98-9D6D-8DEFE945A272}.Release|Any CPU.ActiveCfg = Release|Any CPU
		{541A7302-8ABF-4B98-9D6D-8DEFE945A272}.Release|Any CPU.Build.0 = Release|Any CPU
		{541A7302-8ABF-4B98-9D6D-8DEFE945A272}.Release|x64.ActiveCfg = Release|Any CPU
		{541A7302-8ABF-4B98-9D6D-8DEFE945A272}.Release|x64.Build.0 = Release|Any CPU
		{541A7302-8ABF-4B98-9D6D-8DEFE945A272}.Release|x86.ActiveCfg = Release|Any CPU
		{541A7302-8ABF-4B98-9D6D-8DEFE945A272}.Release|x86.Build.0 = Release|Any CPU
	EndGlobalSection
	GlobalSection(SolutionProperties) = preSolution
		HideSolutionNode = FALSE
	EndGlobalSection
EndGlobal
